Microsoft Visual Studio Solution File, Format Version 12.00
# Visual Studio Version 17
VisualStudioVersion = 17.5.2.0
MinimumVisualStudioVersion = 10.0.40219.1
Project("{FAE04EC0-301F-11D3-BF4B-00C04F79EFBC}") = "laba_8", "laba_8.csproj", "{0D3F7851-299E-EBDF-4915-716666A01983}"
EndProject
Global
	GlobalSection(SolutionConfigurationPlatforms) = preSolution
		Debug|Any CPU = Debug|Any CPU
		Release|Any CPU = Release|Any CPU
	EndGlobalSection
	GlobalSection(ProjectConfigurationPlatforms) = postSolution
		{0D3F7851-299E-EBDF-4915-716666A01983}.Debug|Any CPU.ActiveCfg = Debug|Any CPU
		{0D3F7851-299E-EBDF-4915-716666A01983}.Debug|Any CPU.Build.0 = Debug|Any CPU
		{0D3F7851-299E-EBDF-4915-716666A01983}.Release|Any CPU.ActiveCfg = Release|Any CPU
		{0D3F7851-299E-EBDF-4915-716666A01983}.Release|Any CPU.Build.0 = Release|Any CPU
	EndGlobalSection
	GlobalSection(SolutionProperties) = preSolution
		HideSolutionNode = FALSE
	EndGlobalSection
	GlobalSection(ExtensibilityGlobals) = postSolution
		SolutionGuid = {B7A14566-7851-4C75-9F6C-E00EA7E3A6BB}
	EndGlobalSection
EndGlobal
